
Microsoft Visual Studio Solution File, Format Version 12.00
# Visual Studio 15
VisualStudioVersion = 15.0.28010.2016
MinimumVisualStudioVersion = 10.0.40219.1
Project("{8BC9CEB8-8B4A-11D0-8D11-00A0C91BC942}") = "Поменять  значение переменных (v3.0)", "Поменять  значение переменных (v3.0)\Поменять  значение переменных (v3.0).vcxproj", "{43E58868-787A-4FC3-89DF-56840378C755}"
EndProject
Global
	GlobalSection(SolutionConfigurationPlatforms) = preSolution
		Debug|x64 = Debug|x64
		Debug|x86 = Debug|x86
		Release|x64 = Release|x64
		Release|x86 = Release|x86
	EndGlobalSection
	GlobalSection(ProjectConfigurationPlatforms) = postSolution
		{43E58868-787A-4FC3-89DF-56840378C755}.Debug|x64.ActiveCfg = Debug|x64
		{43E58868-787A-4FC3-89DF-56840378C755}.Debug|x64.Build.0 = Debug|x64
		{43E58868-787A-4FC3-89DF-56840378C755}.Debug|x86.ActiveCfg = Debug|Win32
		{43E58868-787A-4FC3-89DF-56840378C755}.Debug|x86.Build.0 = Debug|Win32
		{43E58868-787A-4FC3-89DF-56840378C755}.Release|x64.ActiveCfg = Release|x64
		{43E58868-787A-4FC3-89DF-56840378C755}.Release|x64.Build.0 = Release|x64
		{43E58868-787A-4FC3-89DF-56840378C755}.Release|x86.ActiveCfg = Release|Win32
		{43E58868-787A-4FC3-89DF-56840378C755}.Release|x86.Build.0 = Release|Win32
	EndGlobalSection
	GlobalSection(SolutionProperties) = preSolution
		HideSolutionNode = FALSE
	EndGlobalSection
	GlobalSection(ExtensibilityGlobals) = postSolution
		SolutionGuid = {4442E484-8823-44C3-AE7C-36E480F919DB}
	EndGlobalSection
EndGlobal
