
Microsoft Visual Studio Solution File, Format Version 12.00
# Visual Studio Version 16
VisualStudioVersion = 16.0.33027.164
MinimumVisualStudioVersion = 10.0.40219.1
Project("{8BC9CEB8-8B4A-11D0-8D11-00A0C91BC942}") = "MultipleTasks", "MultipleTasks\MultipleTasks.vcxproj", "{3FAA85C4-F52C-4045-8E33-3BC497343876}"
EndProject
Project("{8BC9CEB8-8B4A-11D0-8D11-00A0C91BC942}") = "MultipleTasksUp", "MultipleTasksUp\MultipleTasksUp.vcxproj", "{AA980A71-2F90-4284-9F67-0D75F2F24B13}"
EndProject
Global
	GlobalSection(SolutionConfigurationPlatforms) = preSolution
		Debug|x64 = Debug|x64
		Debug|x86 = Debug|x86
		Release|x64 = Release|x64
		Release|x86 = Release|x86
	EndGlobalSection
	GlobalSection(ProjectConfigurationPlatforms) = postSolution
		{3FAA85C4-F52C-4045-8E33-3BC497343876}.Debug|x64.ActiveCfg = Debug|x64
		{3FAA85C4-F52C-4045-8E33-3BC497343876}.Debug|x64.Build.0 = Debug|x64
		{3FAA85C4-F52C-4045-8E33-3BC497343876}.Debug|x86.ActiveCfg = Debug|Win32
		{3FAA85C4-F52C-4045-8E33-3BC497343876}.Debug|x86.Build.0 = Debug|Win32
		{3FAA85C4-F52C-4045-8E33-3BC497343876}.Release|x64.ActiveCfg = Release|x64
		{3FAA85C4-F52C-4045-8E33-3BC497343876}.Release|x64.Build.0 = Release|x64
		{3FAA85C4-F52C-4045-8E33-3BC497343876}.Release|x86.ActiveCfg = Release|Win32
		{3FAA85C4-F52C-4045-8E33-3BC497343876}.Release|x86.Build.0 = Release|Win32
		{AA980A71-2F90-4284-9F67-0D75F2F24B13}.Debug|x64.ActiveCfg = Debug|x64
		{AA980A71-2F90-4284-9F67-0D75F2F24B13}.Debug|x64.Build.0 = Debug|x64
		{AA980A71-2F90-4284-9F67-0D75F2F24B13}.Debug|x86.ActiveCfg = Debug|Win32
		{AA980A71-2F90-4284-9F67-0D75F2F24B13}.Debug|x86.Build.0 = Debug|Win32
		{AA980A71-2F90-4284-9F67-0D75F2F24B13}.Release|x64.ActiveCfg = Release|x64
		{AA980A71-2F90-4284-9F67-0D75F2F24B13}.Release|x64.Build.0 = Release|x64
		{AA980A71-2F90-4284-9F67-0D75F2F24B13}.Release|x86.ActiveCfg = Release|Win32
		{AA980A71-2F90-4284-9F67-0D75F2F24B13}.Release|x86.Build.0 = Release|Win32
	EndGlobalSection
	GlobalSection(SolutionProperties) = preSolution
		HideSolutionNode = FALSE
	EndGlobalSection
	GlobalSection(ExtensibilityGlobals) = postSolution
		SolutionGuid = {C12D6A70-694A-4859-9113-90E36FB7D707}
	EndGlobalSection
EndGlobal
